<Solution>
  <Folder Name="/Task0/">
    <Project Path="Tyuiu.ZubkovaMG.Sprint1.Task0.V19.Lib/Tyuiu.ZubkovaMG.Sprint1.Task0.V19.Lib.csproj" Id="758ca0fe-47c0-4d0b-b25e-fbfa18fad619" />
    <Project Path="Tyuiu.ZubkovaMG.Sprint1.Task0.V19.Test/Tyuiu.ZubkovaMG.Sprint1.Task0.V19.Test.csproj" Id="abe75dab-04a8-4c94-80a5-f8b7a96c4028" />
    <Project Path="Tyuiu.ZubkovaMG.Sprint1.Task0.V19/Tyuiu.ZubkovaMG.Sprint1.Task0.V19.csproj" Id="b39eb4d6-8965-483d-8736-09f24937053d" />
  </Folder>
  <Folder Name="/Task1/">
    <Project Path="Tyuiu.ZubkovaMG.Sprint1.Task1.V28.Lib/Tyuiu.ZubkovaMG.Sprint1.Task1.V28.Lib.csproj" Id="09a95005-3364-45ad-9f10-60b24ae39541" />
    <Project Path="Tyuiu.ZubkovaMG.Sprint1.Task1.V28.Test/Tyuiu.ZubkovaMG.Sprint1.Task1.V28.Test.csproj" Id="29951388-725d-454d-a37e-502d61a2a131" />
    <Project Path="Tyuiu.ZubkovaMG.Sprint1.Task1.V28/Tyuiu.ZubkovaMG.Sprint1.Task1.V28.csproj" Id="eb5c58af-8612-489c-8af9-f111d0c6eebc" />
  </Folder>
</Solution>
